
Microsoft Visual Studio Solution File, Format Version 12.00
# Visual Studio Version 17
VisualStudioVersion = 17.0.31903.59
MinimumVisualStudioVersion = 10.0.40219.1
Project("{2150E333-8FDC-42A3-9474-1A3956D46DE8}") = "src", "src", "{54530699-6D70-45CE-8322-3D79D2880A23}"
EndProject
Project("{FAE04EC0-301F-11D3-BF4B-00C04F79EFBC}") = "BoilingBoulders", "src\BoilingBoulders\BoilingBoulders.csproj", "{8E274034-5BFB-4A8A-8F36-5656DAEE0173}"
EndProject
Project("{2150E333-8FDC-42A3-9474-1A3956D46DE8}") = "test", "test", "{6318A186-E8D2-4B6D-B0C3-C8E7551DB045}"
EndProject
Project("{FAE04EC0-301F-11D3-BF4B-00C04F79EFBC}") = "BoilingBouldersTests", "test\BoilingBouldersTests\BoilingBouldersTests.csproj", "{8C672451-D574-4A9F-BB6A-25B43E0CD6B7}"
EndProject
Global
	GlobalSection(SolutionConfigurationPlatforms) = preSolution
		Debug|Any CPU = Debug|Any CPU
		Release|Any CPU = Release|Any CPU
	EndGlobalSection
	GlobalSection(SolutionProperties) = preSolution
		HideSolutionNode = FALSE
	EndGlobalSection
	GlobalSection(ProjectConfigurationPlatforms) = postSolution
		{8E274034-5BFB-4A8A-8F36-5656DAEE0173}.Debug|Any CPU.ActiveCfg = Debug|Any CPU
		{8E274034-5BFB-4A8A-8F36-5656DAEE0173}.Debug|Any CPU.Build.0 = Debug|Any CPU
		{8E274034-5BFB-4A8A-8F36-5656DAEE0173}.Release|Any CPU.ActiveCfg = Release|Any CPU
		{8E274034-5BFB-4A8A-8F36-5656DAEE0173}.Release|Any CPU.Build.0 = Release|Any CPU
		{8C672451-D574-4A9F-BB6A-25B43E0CD6B7}.Debug|Any CPU.ActiveCfg = Debug|Any CPU
		{8C672451-D574-4A9F-BB6A-25B43E0CD6B7}.Debug|Any CPU.Build.0 = Debug|Any CPU
		{8C672451-D574-4A9F-BB6A-25B43E0CD6B7}.Release|Any CPU.ActiveCfg = Release|Any CPU
		{8C672451-D574-4A9F-BB6A-25B43E0CD6B7}.Release|Any CPU.Build.0 = Release|Any CPU
	EndGlobalSection
	GlobalSection(NestedProjects) = preSolution
		{8E274034-5BFB-4A8A-8F36-5656DAEE0173} = {54530699-6D70-45CE-8322-3D79D2880A23}
		{8C672451-D574-4A9F-BB6A-25B43E0CD6B7} = {6318A186-E8D2-4B6D-B0C3-C8E7551DB045}
	EndGlobalSection
EndGlobal
